{
  "pins" : [
    {
      "identity" : "keyboardkit",
      "kind" : "remoteSourceControl",
      "location" : "https://github.com/KeyboardKit/KeyboardKit.git",
      "state" : {
        "revision" : "9d6663464d2fc9f27a7409031014bb9cb5720475",
        "version" : "7.0.0"
      }
    },
    {
      "identity" : "plist",
      "kind" : "remoteSourceControl",
      "location" : "https://github.com/imfuxiao/Plist",
      "state" : {
        "revision" : "6e1d79a8daf85bf5adb3f4e4a30e627318cc7450",
        "version" : "0.3.0"
      }
    }
  ],
  "version" : 2
}
