{
  "pins" : [
    {
      "identity" : "keyboardkit",
      "kind" : "remoteSourceControl",
      "location" : "https://github.com/KeyboardKit/KeyboardKit.git",
      "state" : {
        "revision" : "88d4533e312a2730262885d216e536b0487fa386",
        "version" : "6.9.0"
      }
    },
    {
      "identity" : "plist",
      "kind" : "remoteSourceControl",
      "location" : "https://github.com/imfuxiao/Plist.git",
      "state" : {
        "revision" : "6e1d79a8daf85bf5adb3f4e4a30e627318cc7450",
        "version" : "0.3.0"
      }
    }
  ],
  "version" : 2
}
